
Microsoft Visual Studio Solution File, Format Version 12.00
# Visual Studio 15
Project("{FAE04EC0-301F-11D3-BF4B-00C04F79EFBC}") = "App.Android", "App.Android\App.Android.csproj", "{0DCE76F8-0171-4DAB-8479-FFEDB8F846E8}"
EndProject
Project("{FAE04EC0-301F-11D3-BF4B-00C04F79EFBC}") = "App.iOS", "App.iOS\App.iOS.csproj", "{41FE5BB9-8227-4F65-875F-49CF98E41DEF}"
EndProject
Project("{FAE04EC0-301F-11D3-BF4B-00C04F79EFBC}") = "App", "App\App.csproj", "{60A125A6-4A70-4475-9E9F-8588FBF1875F}"
EndProject
Global
	GlobalSection(SolutionConfigurationPlatforms) = preSolution
		Debug|Any CPU = Debug|Any CPU
		Release|Any CPU = Release|Any CPU
		Debug|iPhoneSimulator = Debug|iPhoneSimulator
		Release|iPhoneSimulator = Release|iPhoneSimulator
		Debug|iPhone = Debug|iPhone
		Release|iPhone = Release|iPhone
	EndGlobalSection
	GlobalSection(ProjectConfigurationPlatforms) = postSolution
		{0DCE76F8-0171-4DAB-8479-FFEDB8F846E8}.Debug|Any CPU.ActiveCfg = Debug|Any CPU
		{0DCE76F8-0171-4DAB-8479-FFEDB8F846E8}.Debug|Any CPU.Build.0 = Debug|Any CPU
		{0DCE76F8-0171-4DAB-8479-FFEDB8F846E8}.Release|Any CPU.ActiveCfg = Release|Any CPU
		{0DCE76F8-0171-4DAB-8479-FFEDB8F846E8}.Release|Any CPU.Build.0 = Release|Any CPU
		{0DCE76F8-0171-4DAB-8479-FFEDB8F846E8}.Debug|iPhoneSimulator.ActiveCfg = Debug|Any CPU
		{0DCE76F8-0171-4DAB-8479-FFEDB8F846E8}.Debug|iPhoneSimulator.Build.0 = Debug|Any CPU
		{0DCE76F8-0171-4DAB-8479-FFEDB8F846E8}.Release|iPhoneSimulator.ActiveCfg = Release|Any CPU
		{0DCE76F8-0171-4DAB-8479-FFEDB8F846E8}.Release|iPhoneSimulator.Build.0 = Release|Any CPU
		{0DCE76F8-0171-4DAB-8479-FFEDB8F846E8}.Debug|iPhone.ActiveCfg = Debug|Any CPU
		{0DCE76F8-0171-4DAB-8479-FFEDB8F846E8}.Debug|iPhone.Build.0 = Debug|Any CPU
		{0DCE76F8-0171-4DAB-8479-FFEDB8F846E8}.Release|iPhone.ActiveCfg = Release|Any CPU
		{0DCE76F8-0171-4DAB-8479-FFEDB8F846E8}.Release|iPhone.Build.0 = Release|Any CPU
		{41FE5BB9-8227-4F65-875F-49CF98E41DEF}.Debug|Any CPU.ActiveCfg = Debug|iPhoneSimulator
		{41FE5BB9-8227-4F65-875F-49CF98E41DEF}.Debug|Any CPU.Build.0 = Debug|iPhoneSimulator
		{41FE5BB9-8227-4F65-875F-49CF98E41DEF}.Release|Any CPU.ActiveCfg = Release|iPhoneSimulator
		{41FE5BB9-8227-4F65-875F-49CF98E41DEF}.Release|Any CPU.Build.0 = Release|iPhoneSimulator
		{41FE5BB9-8227-4F65-875F-49CF98E41DEF}.Debug|iPhoneSimulator.ActiveCfg = Debug|iPhoneSimulator
		{41FE5BB9-8227-4F65-875F-49CF98E41DEF}.Debug|iPhoneSimulator.Build.0 = Debug|iPhoneSimulator
		{41FE5BB9-8227-4F65-875F-49CF98E41DEF}.Release|iPhoneSimulator.ActiveCfg = Release|iPhoneSimulator
		{41FE5BB9-8227-4F65-875F-49CF98E41DEF}.Release|iPhoneSimulator.Build.0 = Release|iPhoneSimulator
		{41FE5BB9-8227-4F65-875F-49CF98E41DEF}.Debug|iPhone.ActiveCfg = Debug|iPhone
		{41FE5BB9-8227-4F65-875F-49CF98E41DEF}.Debug|iPhone.Build.0 = Debug|iPhone
		{41FE5BB9-8227-4F65-875F-49CF98E41DEF}.Release|iPhone.ActiveCfg = Release|iPhone
		{41FE5BB9-8227-4F65-875F-49CF98E41DEF}.Release|iPhone.Build.0 = Release|iPhone
		{60A125A6-4A70-4475-9E9F-8588FBF1875F}.Debug|Any CPU.ActiveCfg = Debug|Any CPU
		{60A125A6-4A70-4475-9E9F-8588FBF1875F}.Debug|Any CPU.Build.0 = Debug|Any CPU
		{60A125A6-4A70-4475-9E9F-8588FBF1875F}.Release|Any CPU.ActiveCfg = Release|Any CPU
		{60A125A6-4A70-4475-9E9F-8588FBF1875F}.Release|Any CPU.Build.0 = Release|Any CPU
		{60A125A6-4A70-4475-9E9F-8588FBF1875F}.Debug|iPhoneSimulator.ActiveCfg = Debug|Any CPU
		{60A125A6-4A70-4475-9E9F-8588FBF1875F}.Debug|iPhoneSimulator.Build.0 = Debug|Any CPU
		{60A125A6-4A70-4475-9E9F-8588FBF1875F}.Release|iPhoneSimulator.ActiveCfg = Release|Any CPU
		{60A125A6-4A70-4475-9E9F-8588FBF1875F}.Release|iPhoneSimulator.Build.0 = Release|Any CPU
		{60A125A6-4A70-4475-9E9F-8588FBF1875F}.Debug|iPhone.ActiveCfg = Debug|Any CPU
		{60A125A6-4A70-4475-9E9F-8588FBF1875F}.Debug|iPhone.Build.0 = Debug|Any CPU
		{60A125A6-4A70-4475-9E9F-8588FBF1875F}.Release|iPhone.ActiveCfg = Release|Any CPU
		{60A125A6-4A70-4475-9E9F-8588FBF1875F}.Release|iPhone.Build.0 = Release|Any CPU
	EndGlobalSection
EndGlobal
